
Microsoft Visual Studio Solution File, Format Version 12.00
# Visual Studio 2012
Project("{FAE04EC0-301F-11D3-BF4B-00C04F79EFBC}") = "Entidades", "Entidades\Entidades.csproj", "{C3097BC2-F5CD-4FF0-BD37-349F4F9437D0}"
EndProject
Project("{FAE04EC0-301F-11D3-BF4B-00C04F79EFBC}") = "MiCalculadora", "MiCalculadora\MiCalculadora.csproj", "{528D3B6C-82AC-469D-9D98-EA2313CD5D5F}"
EndProject
Global
	GlobalSection(SolutionConfigurationPlatforms) = preSolution
		Debug|Any CPU = Debug|Any CPU
		Release|Any CPU = Release|Any CPU
	EndGlobalSection
	GlobalSection(ProjectConfigurationPlatforms) = postSolution
		{C3097BC2-F5CD-4FF0-BD37-349F4F9437D0}.Debug|Any CPU.ActiveCfg = Debug|Any CPU
		{C3097BC2-F5CD-4FF0-BD37-349F4F9437D0}.Debug|Any CPU.Build.0 = Debug|Any CPU
		{C3097BC2-F5CD-4FF0-BD37-349F4F9437D0}.Release|Any CPU.ActiveCfg = Release|Any CPU
		{C3097BC2-F5CD-4FF0-BD37-349F4F9437D0}.Release|Any CPU.Build.0 = Release|Any CPU
		{528D3B6C-82AC-469D-9D98-EA2313CD5D5F}.Debug|Any CPU.ActiveCfg = Debug|Any CPU
		{528D3B6C-82AC-469D-9D98-EA2313CD5D5F}.Debug|Any CPU.Build.0 = Debug|Any CPU
		{528D3B6C-82AC-469D-9D98-EA2313CD5D5F}.Release|Any CPU.ActiveCfg = Release|Any CPU
		{528D3B6C-82AC-469D-9D98-EA2313CD5D5F}.Release|Any CPU.Build.0 = Release|Any CPU
	EndGlobalSection
	GlobalSection(SolutionProperties) = preSolution
		HideSolutionNode = FALSE
	EndGlobalSection
EndGlobal
